
Microsoft Visual Studio Solution File, Format Version 12.00
# Visual Studio 15
VisualStudioVersion = 15.0.28307.168
MinimumVisualStudioVersion = 10.0.40219.1
Project("{FAE04EC0-301F-11D3-BF4B-00C04F79EFBC}") = "Task_14", "GB_Algorithms_1\Task_14.csproj", "{FFCD949E-83C1-43AB-9A77-9D79A55C7DF0}"
EndProject
Project("{FAE04EC0-301F-11D3-BF4B-00C04F79EFBC}") = "Task_11", "Task_11\Task_11.csproj", "{A415AB76-C091-4F74-8FBF-E33A73AD5064}"
EndProject
Project("{FAE04EC0-301F-11D3-BF4B-00C04F79EFBC}") = "Task_10", "Task_10\Task_10.csproj", "{8CEBA2ED-0F75-48BE-8AD2-60FEAD8535E5}"
EndProject
Project("{FAE04EC0-301F-11D3-BF4B-00C04F79EFBC}") = "Task_9", "Task_9\Task_9.csproj", "{A2C0B3B7-A372-4E56-BA92-466284B942E6}"
EndProject
Global
	GlobalSection(SolutionConfigurationPlatforms) = preSolution
		Debug|Any CPU = Debug|Any CPU
		Release|Any CPU = Release|Any CPU
	EndGlobalSection
	GlobalSection(ProjectConfigurationPlatforms) = postSolution
		{FFCD949E-83C1-43AB-9A77-9D79A55C7DF0}.Debug|Any CPU.ActiveCfg = Debug|Any CPU
		{FFCD949E-83C1-43AB-9A77-9D79A55C7DF0}.Debug|Any CPU.Build.0 = Debug|Any CPU
		{FFCD949E-83C1-43AB-9A77-9D79A55C7DF0}.Release|Any CPU.ActiveCfg = Release|Any CPU
		{FFCD949E-83C1-43AB-9A77-9D79A55C7DF0}.Release|Any CPU.Build.0 = Release|Any CPU
		{A415AB76-C091-4F74-8FBF-E33A73AD5064}.Debug|Any CPU.ActiveCfg = Debug|Any CPU
		{A415AB76-C091-4F74-8FBF-E33A73AD5064}.Debug|Any CPU.Build.0 = Debug|Any CPU
		{A415AB76-C091-4F74-8FBF-E33A73AD5064}.Release|Any CPU.ActiveCfg = Release|Any CPU
		{A415AB76-C091-4F74-8FBF-E33A73AD5064}.Release|Any CPU.Build.0 = Release|Any CPU
		{8CEBA2ED-0F75-48BE-8AD2-60FEAD8535E5}.Debug|Any CPU.ActiveCfg = Debug|Any CPU
		{8CEBA2ED-0F75-48BE-8AD2-60FEAD8535E5}.Debug|Any CPU.Build.0 = Debug|Any CPU
		{8CEBA2ED-0F75-48BE-8AD2-60FEAD8535E5}.Release|Any CPU.ActiveCfg = Release|Any CPU
		{8CEBA2ED-0F75-48BE-8AD2-60FEAD8535E5}.Release|Any CPU.Build.0 = Release|Any CPU
		{A2C0B3B7-A372-4E56-BA92-466284B942E6}.Debug|Any CPU.ActiveCfg = Debug|Any CPU
		{A2C0B3B7-A372-4E56-BA92-466284B942E6}.Debug|Any CPU.Build.0 = Debug|Any CPU
		{A2C0B3B7-A372-4E56-BA92-466284B942E6}.Release|Any CPU.ActiveCfg = Release|Any CPU
		{A2C0B3B7-A372-4E56-BA92-466284B942E6}.Release|Any CPU.Build.0 = Release|Any CPU
	EndGlobalSection
	GlobalSection(SolutionProperties) = preSolution
		HideSolutionNode = FALSE
	EndGlobalSection
	GlobalSection(ExtensibilityGlobals) = postSolution
		SolutionGuid = {A64622E4-9462-4DFE-84EA-0E1EEB5D9D2C}
	EndGlobalSection
EndGlobal
